
Microsoft Visual Studio Solution File, Format Version 12.00
# Visual Studio Version 17
VisualStudioVersion = 17.9.34607.119
MinimumVisualStudioVersion = 10.0.40219.1
Project("{FAE04EC0-301F-11D3-BF4B-00C04F79EFBC}") = "TreeCraftingVoyager.Server", "TreeCraftingVoyager.Server\TreeCraftingVoyager.Server.csproj", "{C8032351-5F18-4AE4-A8A1-D3165F6AF134}"
EndProject
Project("{54A90642-561A-4BB1-A94E-469ADEE60C69}") = "treecraftingvoyager.client", "treecraftingvoyager.client\treecraftingvoyager.client.esproj", "{34271171-2B0E-4FF5-8519-8C6BF6B54A10}"
EndProject
Global
	GlobalSection(SolutionConfigurationPlatforms) = preSolution
		Debug|Any CPU = Debug|Any CPU
		Release|Any CPU = Release|Any CPU
	EndGlobalSection
	GlobalSection(ProjectConfigurationPlatforms) = postSolution
		{C8032351-5F18-4AE4-A8A1-D3165F6AF134}.Debug|Any CPU.ActiveCfg = Debug|Any CPU
		{C8032351-5F18-4AE4-A8A1-D3165F6AF134}.Debug|Any CPU.Build.0 = Debug|Any CPU
		{C8032351-5F18-4AE4-A8A1-D3165F6AF134}.Release|Any CPU.ActiveCfg = Release|Any CPU
		{C8032351-5F18-4AE4-A8A1-D3165F6AF134}.Release|Any CPU.Build.0 = Release|Any CPU
		{34271171-2B0E-4FF5-8519-8C6BF6B54A10}.Debug|Any CPU.ActiveCfg = Debug|Any CPU
		{34271171-2B0E-4FF5-8519-8C6BF6B54A10}.Debug|Any CPU.Build.0 = Debug|Any CPU
		{34271171-2B0E-4FF5-8519-8C6BF6B54A10}.Debug|Any CPU.Deploy.0 = Debug|Any CPU
		{34271171-2B0E-4FF5-8519-8C6BF6B54A10}.Release|Any CPU.ActiveCfg = Release|Any CPU
		{34271171-2B0E-4FF5-8519-8C6BF6B54A10}.Release|Any CPU.Build.0 = Release|Any CPU
		{34271171-2B0E-4FF5-8519-8C6BF6B54A10}.Release|Any CPU.Deploy.0 = Release|Any CPU
	EndGlobalSection
	GlobalSection(SolutionProperties) = preSolution
		HideSolutionNode = FALSE
	EndGlobalSection
	GlobalSection(ExtensibilityGlobals) = postSolution
		SolutionGuid = {58D3E9F0-5156-4526-91D8-B26181FBF0A1}
	EndGlobalSection
EndGlobal
